lockfileVersion: '9.0'

settings:
  autoInstallPeers: true
  excludeLinksFromLockfile: false

importers:

  .:
    dependencies:
      '@tanstack/react-form':
        specifier: ^1.32.0
        version: 1.32.0(react-dom@19.2.6(react@19.2.6))(react@19.2.6)
      react:
        specifier: 'catalog:'
        version: 19.2.6
      react-dom:
        specifier: 'catalog:'
        version: 19.2.6(react@19.2.6)
      zod:
        specifier: ^4.4.3
        version: 4.4.3
    devDependencies:
      '@repo/components':
        specifier: workspace:*
        version: link:../../packages/components
      '@repo/eslint-config':
        specifier: workspace:*
        version: link:../../packages/eslint-config
      '@repo/styles':
        specifier: workspace:*
        version: link:../../packages/styles
      '@repo/typescript-config':
        specifier: workspace:*
        version: link:../../packages/typescript-config
      '@repo/utils':
        specifier: workspace:*
        version: link:../../packages/utils

packages:

  '@tanstack/devtools-event-client@0.4.3':
    resolution: {integrity: sha512-OZI6QyULw0FI0wjgmeYzCIfbgPsOEzwJtCpa69XrfLMtNXLGnz3d/dIabk7frg0TmHo+Ah49w5I4KC7Tufwsvw==}
    engines: {node: '>=18'}
    hasBin: true

  '@tanstack/form-core@1.32.0':
    resolution: {integrity: sha512-Tn5VRDSjyqjmaet2tJMuEWDRFyrCaon03vxXPlSSaiSs6C/N7lCIwGCXJbZXEUq1kTj8jYN9qyXHbsz4LQHcow==}

  '@tanstack/pacer-lite@0.1.1':
    resolution: {integrity: sha512-y/xtNPNt/YeyoVxE/JCx+T7yjEzpezmbb+toK8DDD1P4m7Kzs5YR956+7OKexG3f8aXgC3rLZl7b1V+yNUSy5w==}
    engines: {node: '>=18'}

  '@tanstack/react-form@1.32.0':
    resolution: {integrity: sha512-6WP5SQTA6/H9crCpvpq3ZppYWqtrdE5NjOy6ebABi6uAQPqhfTzrdjS9t40mCZCFtGI5585OhJV6zBP/KN2zcw==}
    peerDependencies:
      '@tanstack/react-start': '*'
      react: ^17.0.0 || ^18.0.0 || ^19.0.0
    peerDependenciesMeta:
      '@tanstack/react-start':
        optional: true

  '@tanstack/react-store@0.9.3':
    resolution: {integrity: sha512-y2iHd/N9OkoQbFJLUX1T9vbc2O9tjH0pQRgTcx1/Nz4IlwLvkgpuglXUx+mXt0g5ZDFrEeDnONPqkbfxXJKwRg==}
    peerDependencies:
      react: ^16.8.0 || ^17.0.0 || ^18.0.0 || ^19.0.0
      react-dom: ^16.8.0 || ^17.0.0 || ^18.0.0 || ^19.0.0

  '@tanstack/store@0.9.3':
    resolution: {integrity: sha512-8reSzl/qGWGGVKhBoxXPMWzATSbZLZFWhwBAFO9NAyp0TxzfBP0mIrGb8CP8KrQTmvzXlR/vFPPUrHTLBGyFyw==}

  react-dom@19.2.6:
    resolution: {integrity: sha512-0prMI+hvBbPjsWnxDLxlCGyM8PN6UuWjEUCYmZhO67xIV9Xasa/r/vDnq+Xyq4Lo27g8QSbO5YzARu0D1Sps3g==}
    peerDependencies:
      react: ^19.2.6

  react@19.2.6:
    resolution: {integrity: sha512-sfWGGfavi0xr8Pg0sVsyHMAOziVYKgPLNrS7ig+ivMNb3wbCBw3KxtflsGBAwD3gYQlE/AEZsTLgToRrSCjb0Q==}
    engines: {node: '>=0.10.0'}

  scheduler@0.27.0:
    resolution: {integrity: sha512-eNv+WrVbKu1f3vbYJT/xtiF5syA5HPIMtf9IgY/nKg0sWqzAUEvqY/xm7OcZc/qafLx/iO9FgOmeSAp4v5ti/Q==}

  use-sync-external-store@1.6.0:
    resolution: {integrity: sha512-Pp6GSwGP/NrPIrxVFAIkOQeyw8lFenOHijQWkUTrDvrF4ALqylP2C/KCkeS9dpUM3KvYRQhna5vt7IL95+ZQ9w==}
    peerDependencies:
      react: ^16.8.0 || ^17.0.0 || ^18.0.0 || ^19.0.0

  zod@4.4.3:
    resolution: {integrity: sha512-ytENFjIJFl2UwYglde2jchW2Hwm4GJFLDiSXWdTrJQBIN9Fcyp7n4DhxJEiWNAJMV1/BqWfW/kkg71UDcHJyTQ==}

snapshots:

  '@tanstack/devtools-event-client@0.4.3': {}

  '@tanstack/form-core@1.32.0':
    dependencies:
      '@tanstack/devtools-event-client': 0.4.3
      '@tanstack/pacer-lite': 0.1.1
      '@tanstack/store': 0.9.3

  '@tanstack/pacer-lite@0.1.1': {}

  '@tanstack/react-form@1.32.0(react-dom@19.2.6(react@19.2.6))(react@19.2.6)':
    dependencies:
      '@tanstack/form-core': 1.32.0
      '@tanstack/react-store': 0.9.3(react-dom@19.2.6(react@19.2.6))(react@19.2.6)
      react: 19.2.6
    transitivePeerDependencies:
      - react-dom

  '@tanstack/react-store@0.9.3(react-dom@19.2.6(react@19.2.6))(react@19.2.6)':
    dependencies:
      '@tanstack/store': 0.9.3
      react: 19.2.6
      react-dom: 19.2.6(react@19.2.6)
      use-sync-external-store: 1.6.0(react@19.2.6)

  '@tanstack/store@0.9.3': {}

  react-dom@19.2.6(react@19.2.6):
    dependencies:
      react: 19.2.6
      scheduler: 0.27.0

  react@19.2.6: {}

  scheduler@0.27.0: {}

  use-sync-external-store@1.6.0(react@19.2.6):
    dependencies:
      react: 19.2.6

  zod@4.4.3: {}
